// !$*UTF8*$!
{
	archiveVersion = 1;
	classes = {
	};
	objectVersion = 48;
	objects = {

/* Begin PBXBuildFile section */
		922F1BC31FD0695000E2BCC4 /* AppDelegate.swift in Sources */ = {isa = PBXBuildFile; fileRef = 922F1BC21FD0695000E2BCC4 /* AppDelegate.swift */; };
		922F1BC51FD0695000E2BCC4 /* ViewController.swift in Sources */ = {isa = PBXBuildFile; fileRef = 922F1BC41FD0695000E2BCC4 /* ViewController.swift */; };
		922F1BC81FD0695000E2BCC4 /* Main.storyboard in Resources */ = {isa = PBXBuildFile; fileRef = 922F1BC61FD0695000E2BCC4 /* Main.storyboard */; };
		922F1BCA1FD0695000E2BCC4 /* Assets.xcassets in Resources */ = {isa = PBXBuildFile; fileRef = 922F1BC91FD0695000E2BCC4 /* Assets.xcassets */; };
		922F1BCD1FD0695000E2BCC4 /* LaunchScreen.storyboard in Resources */ = {isa = PBXBuildFile; fileRef = 922F1BCB1FD0695000E2BCC4 /* LaunchScreen.storyboard */; };
		922F1BD61FD06AEB00E2BCC4 /* RingView.swift in Sources */ = {isa = PBXBuildFile; fileRef = 922F1BD51FD06AEB00E2BCC4 /* RingView.swift */; };
		922F1BD81FD0803600E2BCC4 /* WorkoutSummaryView.swift in Sources */ = {isa = PBXBuildFile; fileRef = 922F1BD71FD0803600E2BCC4 /* WorkoutSummaryView.swift */; };
		922F1BDA1FD0905000E2BCC4 /* MetricRingView.swift in Sources */ = {isa = PBXBuildFile; fileRef = 922F1BD91FD0905000E2BCC4 /* MetricRingView.swift */; };
		922F1BDC1FD0909300E2BCC4 /* ActivityRingView.swift in Sources */ = {isa = PBXBuildFile; fileRef = 922F1BDB1FD0909300E2BCC4 /* ActivityRingView.swift */; };
/* End PBXBuildFile section */

/* Begin PBXFileReference section */
		922F1BBF1FD0695000E2BCC4 /* ActivityPT.app */ = {isa = PBXFileReference; explicitFileType = wrapper.application; includeInIndex = 0; path = ActivityPT.app; sourceTree = BUILT_PRODUCTS_DIR; };
		922F1BC21FD0695000E2BCC4 /* AppDelegate.swift */ = {isa = PBXFileReference; lastKnownFileType = sourcecode.swift; path = AppDelegate.swift; sourceTree = "<group>"; };
		922F1BC41FD0695000E2BCC4 /* ViewController.swift */ = {isa = PBXFileReference; lastKnownFileType = sourcecode.swift; path = ViewController.swift; sourceTree = "<group>"; };
		922F1BC71FD0695000E2BCC4 /* Base */ = {isa = PBXFileReference; lastKnownFileType = file.storyboard; name = Base; path = Base.lproj/Main.storyboard; sourceTree = "<group>"; };
		922F1BC91FD0695000E2BCC4 /* Assets.xcassets */ = {isa = PBXFileReference; lastKnownFileType = folder.assetcatalog; path = Assets.xcassets; sourceTree = "<group>"; };
		922F1BCC1FD0695000E2BCC4 /* Base */ = {isa = PBXFileReference; lastKnownFileType = file.storyboard; name = Base; path = Base.lproj/LaunchScreen.storyboard; sourceTree = "<group>"; };
		922F1BCE1FD0695000E2BCC4 /* Info.plist */ = {isa = PBXFileReference; lastKnownFileType = text.plist.xml; path = Info.plist; sourceTree = "<group>"; };
		922F1BD51FD06AEB00E2BCC4 /* RingView.swift */ = {isa = PBXFileReference; lastKnownFileType = sourcecode.swift; path = RingView.swift; sourceTree = "<group>"; };
		922F1BD71FD0803600E2BCC4 /* WorkoutSummaryView.swift */ = {isa = PBXFileReference; lastKnownFileType = sourcecode.swift; path = WorkoutSummaryView.swift; sourceTree = "<group>"; };
		922F1BD91FD0905000E2BCC4 /* MetricRingView.swift */ = {isa = PBXFileReference; lastKnownFileType = sourcecode.swift; path = MetricRingView.swift; sourceTree = "<group>"; };
		922F1BDB1FD0909300E2BCC4 /* ActivityRingView.swift */ = {isa = PBXFileReference; lastKnownFileType = sourcecode.swift; path = ActivityRingView.swift; sourceTree = "<group>"; };
/* End PBXFileReference section */

/* Begin PBXFrameworksBuildPhase section */
		922F1BBC1FD0695000E2BCC4 /* Frameworks */ = {
			isa = PBXFrameworksBuildPhase;
			buildActionMask = 2147483647;
			files = (
			);
			runOnlyForDeploymentPostprocessing = 0;
		};
/* End PBXFrameworksBuildPhase section */

/* Begin PBXGroup section */
		922F1BB61FD0695000E2BCC4 = {
			isa = PBXGroup;
			children = (
				922F1BC11FD0695000E2BCC4 /* ActivityPT */,
				922F1BC01FD0695000E2BCC4 /* Products */,
			);
			sourceTree = "<group>";
		};
		922F1BC01FD0695000E2BCC4 /* Products */ = {
			isa = PBXGroup;
			children = (
				922F1BBF1FD0695000E2BCC4 /* ActivityPT.app */,
			);
			name = Products;
			sourceTree = "<group>";
		};
		922F1BC11FD0695000E2BCC4 /* ActivityPT */ = {
			isa = PBXGroup;
			children = (
				922F1BC21FD0695000E2BCC4 /* AppDelegate.swift */,
				922F1BC41FD0695000E2BCC4 /* ViewController.swift */,
				922F1BC61FD0695000E2BCC4 /* Main.storyboard */,
				922F1BC91FD0695000E2BCC4 /* Assets.xcassets */,
				922F1BCB1FD0695000E2BCC4 /* LaunchScreen.storyboard */,
				922F1BCE1FD0695000E2BCC4 /* Info.plist */,
				922F1BD51FD06AEB00E2BCC4 /* RingView.swift */,
				922F1BD71FD0803600E2BCC4 /* WorkoutSummaryView.swift */,
				922F1BD91FD0905000E2BCC4 /* MetricRingView.swift */,
				922F1BDB1FD0909300E2BCC4 /* ActivityRingView.swift */,
			);
			path = ActivityPT;
			sourceTree = "<group>";
		};
/* End PBXGroup section */

/* Begin PBXNativeTarget section */
		922F1BBE1FD0695000E2BCC4 /* ActivityPT */ = {
			isa = PBXNativeTarget;
			buildConfigurationList = 922F1BD11FD0695000E2BCC4 /* Build configuration list for PBXNativeTarget "ActivityPT" */;
			buildPhases = (
				922F1BBB1FD0695000E2BCC4 /* Sources */,
				922F1BBC1FD0695000E2BCC4 /* Frameworks */,
				922F1BBD1FD0695000E2BCC4 /* Resources */,
			);
			buildRules = (
			);
			dependencies = (
			);
			name = ActivityPT;
			productName = ActivityPT;
			productReference = 922F1BBF1FD0695000E2BCC4 /* ActivityPT.app */;
			productType = "com.apple.product-type.application";
		};
/* End PBXNativeTarget section */

/* Begin PBXProject section */
		922F1BB71FD0695000E2BCC4 /* Project object */ = {
			isa = PBXProject;
			attributes = {
				LastSwiftUpdateCheck = 0910;
				LastUpgradeCheck = 0910;
				ORGANIZATIONNAME = Terco;
				TargetAttributes = {
					922F1BBE1FD0695000E2BCC4 = {
						CreatedOnToolsVersion = 9.1;
						ProvisioningStyle = Automatic;
					};
				};
			};
			buildConfigurationList = 922F1BBA1FD0695000E2BCC4 /* Build configuration list for PBXProject "ActivityPT" */;
			compatibilityVersion = "Xcode 8.0";
			developmentRegion = en;
			hasScannedForEncodings = 0;
			knownRegions = (
				en,
				Base,
			);
			mainGroup = 922F1BB61FD0695000E2BCC4;
			productRefGroup = 922F1BC01FD0695000E2BCC4 /* Products */;
			projectDirPath = "";
			projectRoot = "";
			targets = (
				922F1BBE1FD0695000E2BCC4 /* ActivityPT */,
			);
		};
/* End PBXProject section */

/* Begin PBXResourcesBuildPhase section */
		922F1BBD1FD0695000E2BCC4 /* Resources */ = {
			isa = PBXResourcesBuildPhase;
			buildActionMask = 2147483647;
			files = (
				922F1BCD1FD0695000E2BCC4 /* LaunchScreen.storyboard in Resources */,
				922F1BCA1FD0695000E2BCC4 /* Assets.xcassets in Resources */,
				922F1BC81FD0695000E2BCC4 /* Main.storyboard in Resources */,
			);
			runOnlyForDeploymentPostprocessing = 0;
		};
/* End PBXResourcesBuildPhase section */

/* Begin PBXSourcesBuildPhase section */
		922F1BBB1FD0695000E2BCC4 /* Sources */ = {
			isa = PBXSourcesBuildPhase;
			buildActionMask = 2147483647;
			files = (
				922F1BD61FD06AEB00E2BCC4 /* RingView.swift in Sources */,
				922F1BC51FD0695000E2BCC4 /* ViewController.swift in Sources */,
				922F1BDA1FD0905000E2BCC4 /* MetricRingView.swift in Sources */,
				922F1BC31FD0695000E2BCC4 /* AppDelegate.swift in Sources */,
				922F1BD81FD0803600E2BCC4 /* WorkoutSummaryView.swift in Sources */,
				922F1BDC1FD0909300E2BCC4 /* ActivityRingView.swift in Sources */,
			);
			runOnlyForDeploymentPostprocessing = 0;
		};
/* End PBXSourcesBuildPhase section */

/* Begin PBXVariantGroup section */
		922F1BC61FD0695000E2BCC4 /* Main.storyboard */ = {
			isa = PBXVariantGroup;
			children = (
				922F1BC71FD0695000E2BCC4 /* Base */,
			);
			name = Main.storyboard;
			sourceTree = "<group>";
		};
		922F1BCB1FD0695000E2BCC4 /* LaunchScreen.storyboard */ = {
			isa = PBXVariantGroup;
			children = (
				922F1BCC1FD0695000E2BCC4 /* Base */,
			);
			name = LaunchScreen.storyboard;
			sourceTree = "<group>";
		};
/* End PBXVariantGroup section */

/* Begin XCBuildConfiguration section */
		922F1BCF1FD0695000E2BCC4 /* Debug */ = {
			isa = XCBuildConfiguration;
			buildSettings = {
				ALWAYS_SEARCH_USER_PATHS = NO;
				CLANG_ANALYZER_NONNULL = YES;
				CLANG_ANALYZER_NUMBER_OBJECT_CONVERSION = YES_AGGRESSIVE;
				CLANG_CXX_LANGUAGE_STANDARD = "gnu++14";
				CLANG_CXX_LIBRARY = "libc++";
				CLANG_ENABLE_MODULES = YES;
				CLANG_ENABLE_OBJC_ARC = YES;
				CLANG_WARN_BLOCK_CAPTURE_AUTORELEASING = YES;
				CLANG_WARN_BOOL_CONVERSION = YES;
				CLANG_WARN_COMMA = YES;
				CLANG_WARN_CONSTANT_CONVERSION = YES;
				CLANG_WARN_DIRECT_OBJC_ISA_USAGE = YES_ERROR;
				CLANG_WARN_DOCUMENTATION_COMMENTS = YES;
				CLANG_WARN_EMPTY_BODY = YES;
				CLANG_WARN_ENUM_CONVERSION = YES;
				CLANG_WARN_INFINITE_RECURSION = YES;
				CLANG_WARN_INT_CONVERSION = YES;
				CLANG_WARN_NON_LITERAL_NULL_CONVERSION = YES;
				CLANG_WARN_OBJC_LITERAL_CONVERSION = YES;
				CLANG_WARN_OBJC_ROOT_CLASS = YES_ERROR;
				CLANG_WARN_RANGE_LOOP_ANALYSIS = YES;
				CLANG_WARN_STRICT_PROTOTYPES = YES;
				CLANG_WARN_SUSPICIOUS_MOVE = YES;
				CLANG_WARN_UNGUARDED_AVAILABILITY = YES_AGGRESSIVE;
				CLANG_WARN_UNREACHABLE_CODE = YES;
				CLANG_WARN__DUPLICATE_METHOD_MATCH = YES;
				CODE_SIGN_IDENTITY = "iPhone Developer";
				COPY_PHASE_STRIP = NO;
				DEBUG_INFORMATION_FORMAT = dwarf;
				ENABLE_STRICT_OBJC_MSGSEND = YES;
				ENABLE_TESTABILITY = YES;
				GCC_C_LANGUAGE_STANDARD = gnu11;
				GCC_DYNAMIC_NO_PIC = NO;
				GCC_NO_COMMON_BLOCKS = YES;
				GCC_OPTIMIZATION_LEVEL = 0;
				GCC_PREPROCESSOR_DEFINITIONS = (
					"DEBUG=1",
					"$(inherited)",
				);
				GCC_WARN_64_TO_32_BIT_CONVERSION = YES;
				GCC_WARN_ABOUT_RETURN_TYPE = YES_ERROR;
				GCC_WARN_UNDECLARED_SELECTOR = YES;
				GCC_WARN_UNINITIALIZED_AUTOS = YES_AGGRESSIVE;
				GCC_WARN_UNUSED_FUNCTION = YES;
				GCC_WARN_UNUSED_VARIABLE = YES;
				IPHONEOS_DEPLOYMENT_TARGET = 11.1;
				MTL_ENABLE_DEBUG_INFO = YES;
				ONLY_ACTIVE_ARCH = YES;
				SDKROOT = iphoneos;
				SWIFT_ACTIVE_COMPILATION_CONDITIONS = DEBUG;
				SWIFT_OPTIMIZATION_LEVEL = "-Onone";
			};
			name = Debug;
		};
		922F1BD01FD0695000E2BCC4 /* Release */ = {
			isa = XCBuildConfiguration;
			buildSettings = {
				ALWAYS_SEARCH_USER_PATHS = NO;
				CLANG_ANALYZER_NONNULL = YES;
				CLANG_ANALYZER_NUMBER_OBJECT_CONVERSION = YES_AGGRESSIVE;
				CLANG_CXX_LANGUAGE_STANDARD = "gnu++14";
				CLANG_CXX_LIBRARY = "libc++";
				CLANG_ENABLE_MODULES = YES;
				CLANG_ENABLE_OBJC_ARC = YES;
				CLANG_WARN_BLOCK_CAPTURE_AUTORELEASING = YES;
				CLANG_WARN_BOOL_CONVERSION = YES;
				CLANG_WARN_COMMA = YES;
				CLANG_WARN_CONSTANT_CONVERSION = YES;
				CLANG_WARN_DIRECT_OBJC_ISA_USAGE = YES_ERROR;
				CLANG_WARN_DOCUMENTATION_COMMENTS = YES;
				CLANG_WARN_EMPTY_BODY = YES;
				CLANG_WARN_ENUM_CONVERSION = YES;
				CLANG_WARN_INFINITE_RECURSION = YES;
				CLANG_WARN_INT_CONVERSION = YES;
				CLANG_WARN_NON_LITERAL_NULL_CONVERSION = YES;
				CLANG_WARN_OBJC_LITERAL_CONVERSION = YES;
				CLANG_WARN_OBJC_ROOT_CLASS = YES_ERROR;
				CLANG_WARN_RANGE_LOOP_ANALYSIS = YES;
				CLANG_WARN_STRICT_PROTOTYPES = YES;
				CLANG_WARN_SUSPICIOUS_MOVE = YES;
				CLANG_WARN_UNGUARDED_AVAILABILITY = YES_AGGRESSIVE;
				CLANG_WARN_UNREACHABLE_CODE = YES;
				CLANG_WARN__DUPLICATE_METHOD_MATCH = YES;
				CODE_SIGN_IDENTITY = "iPhone Developer";
				COPY_PHASE_STRIP = NO;
				DEBUG_INFORMATION_FORMAT = "dwarf-with-dsym";
				ENABLE_NS_ASSERTIONS = NO;
				ENABLE_STRICT_OBJC_MSGSEND = YES;
				GCC_C_LANGUAGE_STANDARD = gnu11;
				GCC_NO_COMMON_BLOCKS = YES;
				GCC_WARN_64_TO_32_BIT_CONVERSION = YES;
				GCC_WARN_ABOUT_RETURN_TYPE = YES_ERROR;
				GCC_WARN_UNDECLARED_SELECTOR = YES;
				GCC_WARN_UNINITIALIZED_AUTOS = YES_AGGRESSIVE;
				GCC_WARN_UNUSED_FUNCTION = YES;
				GCC_WARN_UNUSED_VARIABLE = YES;
				IPHONEOS_DEPLOYMENT_TARGET = 11.1;
				MTL_ENABLE_DEBUG_INFO = NO;
				SDKROOT = iphoneos;
				SWIFT_OPTIMIZATION_LEVEL = "-Owholemodule";
				VALIDATE_PRODUCT = YES;
			};
			name = Release;
		};
		922F1BD21FD0695000E2BCC4 /* Debug */ = {
			isa = XCBuildConfiguration;
			buildSettings = {
				ASSETCATALOG_COMPILER_APPICON_NAME = AppIcon;
				CODE_SIGN_STYLE = Automatic;
				DEVELOPMENT_TEAM = G9KYNT8JLN;
				INFOPLIST_FILE = ActivityPT/Info.plist;
				LD_RUNPATH_SEARCH_PATHS = "$(inherited) @executable_path/Frameworks";
				PRODUCT_BUNDLE_IDENTIFIER = mx.com.terco.ActivityPT;
				PRODUCT_NAME = "$(TARGET_NAME)";
				SWIFT_VERSION = 4.0;
				TARGETED_DEVICE_FAMILY = "1,2";
			};
			name = Debug;
		};
		922F1BD31FD0695000E2BCC4 /* Release */ = {
			isa = XCBuildConfiguration;
			buildSettings = {
				ASSETCATALOG_COMPILER_APPICON_NAME = AppIcon;
				CODE_SIGN_STYLE = Automatic;
				DEVELOPMENT_TEAM = G9KYNT8JLN;
				INFOPLIST_FILE = ActivityPT/Info.plist;
				LD_RUNPATH_SEARCH_PATHS = "$(inherited) @executable_path/Frameworks";
				PRODUCT_BUNDLE_IDENTIFIER = mx.com.terco.ActivityPT;
				PRODUCT_NAME = "$(TARGET_NAME)";
				SWIFT_VERSION = 4.0;
				TARGETED_DEVICE_FAMILY = "1,2";
			};
			name = Release;
		};
/* End XCBuildConfiguration section */

/* Begin XCConfigurationList section */
		922F1BBA1FD0695000E2BCC4 /* Build configuration list for PBXProject "ActivityPT" */ = {
			isa = XCConfigurationList;
			buildConfigurations = (
				922F1BCF1FD0695000E2BCC4 /* Debug */,
				922F1BD01FD0695000E2BCC4 /* Release */,
			);
			defaultConfigurationIsVisible = 0;
			defaultConfigurationName = Release;
		};
		922F1BD11FD0695000E2BCC4 /* Build configuration list for PBXNativeTarget "ActivityPT" */ = {
			isa = XCConfigurationList;
			buildConfigurations = (
				922F1BD21FD0695000E2BCC4 /* Debug */,
				922F1BD31FD0695000E2BCC4 /* Release */,
			);
			defaultConfigurationIsVisible = 0;
			defaultConfigurationName = Release;
		};
/* End XCConfigurationList section */
	};
	rootObject = 922F1BB71FD0695000E2BCC4 /* Project object */;
}
